{
  "R": {
    "Version": "3.6.1",
    "Repositories": [
      {
        "Name": "BioCsoft",
        "URL": "https://bioconductor.org/packages/3.10/bioc"
      },
      {
        "Name": "BioCann",
        "URL": "https://bioconductor.org/packages/3.10/data/annotation"
      },
      {
        "Name": "BioCexp",
        "URL": "https://bioconductor.org/packages/3.10/data/experiment"
      },
      {
        "Name": "BioCworkflows",
        "URL": "https://bioconductor.org/packages/3.10/workflows"
      },
      {
        "Name": "CRAN",
        "URL": "https://cloud.r-project.org"
      }
    ]
  },
  "Bioconductor": {
    "Version": "3.10"
  },
  "Packages": {
    "AnnotationDbi": {
      "Package": "AnnotationDbi",
      "Version": "1.48.0",
      "Source": "Bioconductor",
      "Hash": "c5f3f140470b1941580859d3fc5c6bc0"
    },
    "AnnotationHub": {
      "Package": "AnnotationHub",
      "Version": "2.18.0",
      "Source": "Bioconductor",
      "Hash": "4b655fac74af6201509cdd923c3b2b2a"
    },
    "BH": {
      "Package": "BH",
      "Version": "1.72.0-3",
      "Source": "Repository",
      "Repository": "CRAN",
      "Hash": "8f9ce74c6417d61f0782cbae5fd2b7b0"
    },
    "Biobase": {
      "Package": "Biobase",
      "Version": "2.46.0",
      "Source": "Bioconductor",
      "Hash": "ddbfe185296ede75aadb84a51724ac88"
    },
    "BiocFileCache": {
      "Package": "BiocFileCache",
      "Version": "1.10.2",
      "Source": "Bioconductor",
      "Hash": "6b036e16fdfecc74e515a92b74983b20"
    },
    "BiocGenerics": {
      "Package": "BiocGenerics",
      "Version": "0.32.0",
      "Source": "Bioconductor",
      "Hash": "b2dabf833cc349c2cd9cba38de7af085"
    },
    "BiocManager": {
      "Package": "BiocManager",
      "Version": "1.30.10",
      "Source": "Repository",
      "Repository": "CRAN",
      "Hash": "db75371846625725e221470b310da1d5"
    },
    "BiocNeighbors": {
      "Package": "BiocNeighbors",
      "Version": "1.4.1",
      "Source": "Bioconductor",
      "Hash": "0b3b2843f46289f9259002c1adfee020"
    },
    "BiocParallel": {
      "Package": "BiocParallel",
      "Version": "1.20.1",
      "Source": "Bioconductor",
      "Hash": "744ce1b8f59ad5827fe03f30a4fe8e50"
    },
    "BiocSingular": {
      "Package": "BiocSingular",
      "Version": "1.2.1",
      "Source": "Bioconductor",
      "Hash": "9cfc09bcdebfd3ef5d54ee6f789c94cd"
    },
    "BiocVersion": {
      "Package": "BiocVersion",
      "Version": "3.10.1",
      "Source": "Bioconductor",
      "Hash": "b69e4e634db423b8e6c58103d579ec95"
    },
    "Biostrings": {
      "Package": "Biostrings",
      "Version": "2.54.0",
      "Source": "Bioconductor",
      "Hash": "edf03f0e37fc3c09c95dcf8bf3900972"
    },
    "DBI": {
      "Package": "DBI",
      "Version": "1.1.0",
      "Source": "Repository",
      "Repository": "CRAN",
      "Hash": "4744be45519d675af66c28478720fce5"
    },
    "DESeq2": {
      "Package": "DESeq2",
      "Version": "1.26.0",
      "Source": "Bioconductor",
      "Hash": "2d7498bcee6497bfb16433828cca25fe"
    },
    "DEoptimR": {
      "Package": "DEoptimR",
      "Version": "1.0-8",
      "Source": "Repository",
      "Repository": "CRAN",
      "Hash": "4fdd17df6c1b897cb59bdd9cf6621a43"
    },
    "DT": {
      "Package": "DT",
      "Version": "0.11",
      "Source": "Repository",
      "Repository": "CRAN",
      "Hash": "41012742c331838c6f802830f2b87021"
    },
    "DelayedArray": {
      "Package": "DelayedArray",
      "Version": "0.12.2",
      "Source": "Bioconductor",
      "Hash": "bb0ef89f40dc3ed0fba84b600f46dcf0"
    },
    "DelayedMatrixStats": {
      "Package": "DelayedMatrixStats",
      "Version": "1.8.0",
      "Source": "Bioconductor",
      "Hash": "1071302d3371eb4170b03b9ebf66760a"
    },
    "DropletUtils": {
      "Package": "DropletUtils",
      "Version": "1.6.1",
      "Source": "Bioconductor",
      "Hash": "2314da89bd8794eecee39107774962fc"
    },
    "ExperimentHub": {
      "Package": "ExperimentHub",
      "Version": "1.12.0",
      "Source": "Bioconductor",
      "Hash": "b8b129c93ae4b4f76c076166f1acfaca"
    },
    "FNN": {
      "Package": "FNN",
      "Version": "1.1.3",
      "Source": "Repository",
      "Repository": "CRAN",
      "Hash": "b56998fff55e4a4b4860ad6e8c67e0f9"
    },
    "Formula": {
      "Package": "Formula",
      "Version": "1.2-3",
      "Source": "Repository",
      "Repository": "CRAN",
      "Hash": "0537b6f1f38ea1fd514089192724bb6e"
    },
    "GO.db": {
      "Package": "GO.db",
      "Version": "3.10.0",
      "Source": "Bioconductor",
      "Hash": "54a49210c5dd89ac926e12c56273a740"
    },
    "GenomeInfoDb": {
      "Package": "GenomeInfoDb",
      "Version": "1.22.0",
      "Source": "Bioconductor",
      "Hash": "b77f2f9b5d9018ef5a15e0717b737bb2"
    },
    "GenomeInfoDbData": {
      "Package": "GenomeInfoDbData",
      "Version": "1.2.2",
      "Source": "Bioconductor",
      "Hash": "de42132c04371f624cdea8de86e8fc5d"
    },
    "GenomicAlignments": {
      "Package": "GenomicAlignments",
      "Version": "1.22.1",
      "Source": "Bioconductor",
      "Hash": "0bc774dd3636e0aff56a80da6f928211"
    },
    "GenomicRanges": {
      "Package": "GenomicRanges",
      "Version": "1.38.0",
      "Source": "Bioconductor",
      "Hash": "8ff54983afa8eda100fa0fcadd6816bf"
    },
    "HDF5Array": {
      "Package": "HDF5Array",
      "Version": "1.14.1",
      "Source": "Bioconductor",
      "Hash": "8b4cf576c1fae761606b1a00c9bc379c"
    },
    "Hmisc": {
      "Package": "Hmisc",
      "Version": "4.3-0",
      "Source": "Repository",
      "Repository": "CRAN",
      "Hash": "6820b9b2f38a9b91eaae35c09eaace02"
    },
    "IRanges": {
      "Package": "IRanges",
      "Version": "2.20.2",
      "Source": "Bioconductor",
      "Hash": "148fe882b25f679b03afc45da15e760c"
    },
    "KernSmooth": {
      "Package": "KernSmooth",
      "Version": "2.23-15",
      "Source": "Repository",
      "Repository": "CRAN",
      "Hash": "081f417f4d6d55b7e8981433e8404a22"
    },
    "LoomExperiment": {
      "Package": "LoomExperiment",
      "Version": "1.4.0",
      "Source": "Bioconductor",
      "Hash": "dd6a6ab54a893209d00e04a6749dabe4"
    },
    "MASS": {
      "Package": "MASS",
      "Version": "7.3-51.4",
      "Source": "Repository",
      "Repository": "CRAN",
      "Hash": "a94714e63996bc284b8795ec50defc07"
    },
    "Matrix": {
      "Package": "Matrix",
      "Version": "1.2-17",
      "Source": "Repository",
      "Repository": "CRAN",
      "Hash": "39ea11fb3ad0d759f9f1c053fd442957"
    },
    "Matrix.utils": {
      "Package": "Matrix.utils",
      "Version": "0.9.7",
      "Source": "Repository",
      "Repository": "CRAN",
      "Hash": "97c9af9652efec616ad69d6acdaef390"
    },
    "R.methodsS3": {
      "Package": "R.methodsS3",
      "Version": "1.7.1",
      "Source": "Repository",
      "Repository": "CRAN",
      "Hash": "525c2e4d8915038c0ca7f9c1eedbd47a"
    },
    "R.oo": {
      "Package": "R.oo",
      "Version": "1.23.0",
      "Source": "Repository",
      "Repository": "CRAN",
      "Hash": "6be65e89d25f79fb4d147d65e19601e8"
    },
    "R.utils": {
      "Package": "R.utils",
      "Version": "2.9.2",
      "Source": "Repository",
      "Repository": "CRAN",
      "Hash": "63cdbbf467a00d0ed2aa3391f4918d6e"
    },
    "R6": {
      "Package": "R6",
      "Version": "2.4.1",
      "Source": "Repository",
      "Repository": "CRAN",
      "Hash": "292b54f8f4b94669b08f94e5acce6be2"
    },
    "RANN": {
      "Package": "RANN",
      "Version": "2.6.1",
      "Source": "Repository",
      "Repository": "CRAN",
      "Hash": "d128ea05a972d3e67c6f39de52c72bd7"
    },
    "RColorBrewer": {
      "Package": "RColorBrewer",
      "Version": "1.1-2",
      "Source": "Repository",
      "Repository": "CRAN",
      "Hash": "e031418365a7f7a766181ab5a41a5716"
    },
    "RCurl": {
      "Package": "RCurl",
      "Version": "1.98-1.1",
      "Source": "Repository",
      "Repository": "CRAN",
      "Hash": "26b1263f36bd66a9e8b5c80753ebedea"
    },
    "RSQLite": {
      "Package": "RSQLite",
      "Version": "2.2.0",
      "Source": "Repository",
      "Repository": "CRAN",
      "Hash": "2e813101e637bfd423f763d20350ed3d"
    },
    "Rcpp": {
      "Package": "Rcpp",
      "Version": "1.0.3",
      "Source": "Repository",
      "Repository": "CRAN",
      "Hash": "f3ca785924863b0e4c8cb23b6a5c75a1"
    },
    "RcppAnnoy": {
      "Package": "RcppAnnoy",
      "Version": "0.0.14",
      "Source": "Repository",
      "Repository": "CRAN",
      "Hash": "b027124e169777564aedd5dc23a4a1df"
    },
    "RcppArmadillo": {
      "Package": "RcppArmadillo",
      "Version": "0.9.800.4.0",
      "Source": "Repository",
      "Repository": "CRAN",
      "Hash": "27675edaa1a76ee38c28b3d1bbe8d60c"
    },
    "RcppEigen": {
      "Package": "RcppEigen",
      "Version": "0.3.3.7.0",
      "Source": "Repository",
      "Repository": "CRAN",
      "Hash": "c6faf038ba4346b1de19ad7c99b8f94a"
    },
    "RcppHNSW": {
      "Package": "RcppHNSW",
      "Version": "0.2.0",
      "Source": "Repository",
      "Repository": "CRAN",
      "Hash": "3224f3204b7a8be299b3f939c07025ad"
    },
    "RcppProgress": {
      "Package": "RcppProgress",
      "Version": "0.4.2",
      "Source": "Repository",
      "Repository": "CRAN",
      "Hash": "1c0aa18b97e6aaa17f93b8b866c0ace5"
    },
    "Rhdf5lib": {
      "Package": "Rhdf5lib",
      "Version": "1.8.0",
      "Source": "Bioconductor",
      "Hash": "4a3bef5117511bfc1a0b23fddd7585ef"
    },
    "Rhtslib": {
      "Package": "Rhtslib",
      "Version": "1.18.1",
      "Source": "Bioconductor",
      "Hash": "70d3c447ca9f22a8f0b07328dbe32421"
    },
    "Rsamtools": {
      "Package": "Rsamtools",
      "Version": "2.2.1",
      "Source": "Bioconductor",
      "Hash": "051664357b2ad8565677f1e078715219"
    },
    "Rtsne": {
      "Package": "Rtsne",
      "Version": "0.15",
      "Source": "Repository",
      "Repository": "CRAN",
      "Hash": "f153432c4ca15b937ccfaa40f167c892"
    },
    "S4Vectors": {
      "Package": "S4Vectors",
      "Version": "0.25.11",
      "Source": "GitHub",
      "RemoteType": "github",
      "RemoteHost": "api.github.com",
      "RemoteUsername": "Bioconductor",
      "RemoteRepo": "S4Vectors",
      "RemoteRef": "master",
      "RemoteSha": "397bc04840945af6630e0960bc4f5c5e29ad81b2",
      "Hash": "eafbe9c5dab7b3a9b88514b887780626"
    },
    "SMVar": {
      "Package": "SMVar",
      "Version": "1.3.3",
      "Source": "Repository",
      "Repository": "CRAN",
      "Hash": "a383ff9ee4b4ceaaf38bcefab378c780"
    },
    "SingleCellExperiment": {
      "Package": "SingleCellExperiment",
      "Version": "1.9.1",
      "Source": "GitHub",
      "RemoteType": "github",
      "RemoteHost": "api.github.com",
      "RemoteUsername": "LTLA",
      "RemoteRepo": "SingleCellExperiment",
      "RemoteRef": "master",
      "RemoteSha": "432da5ad6b705dc6f36e25fa32c89693f2b7c20e",
      "Hash": "e233dba72f356688fce680ed772d4998"
    },
    "SingleR": {
      "Package": "SingleR",
      "Version": "1.1.7",
      "Source": "GitHub",
      "RemoteType": "github",
      "RemoteHost": "api.github.com",
      "RemoteUsername": "LTLA",
      "RemoteRepo": "SingleR",
      "RemoteRef": "master",
      "RemoteSha": "dbb8ccb416c573190a0222b24a9d2350b9de9cfd",
      "Hash": "4fe61600c4f6c843f395f299c067eff7"
    },
    "SummarizedExperiment": {
      "Package": "SummarizedExperiment",
      "Version": "1.16.1",
      "Source": "Bioconductor",
      "Hash": "1f4c0859b8f338bd9f8c0b7967e719a3"
    },
    "V8": {
      "Package": "V8",
      "Version": "3.0.1",
      "Source": "Repository",
      "Repository": "CRAN",
      "Hash": "7d1118179f4cb56f5e49e58b166999fe"
    },
    "XML": {
      "Package": "XML",
      "Version": "3.99-0.3",
      "Source": "Repository",
      "Repository": "CRAN",
      "Hash": "c1616606f097075542c12fb8a10a071e"
    },
    "XVector": {
      "Package": "XVector",
      "Version": "0.26.0",
      "Source": "Bioconductor",
      "Hash": "b72b7c53049b71fbfd0792fb7ec66987"
    },
    "acepack": {
      "Package": "acepack",
      "Version": "1.4.1",
      "Source": "Repository",
      "Repository": "CRAN",
      "Hash": "9d5038b94a50c7bf26940e2ef7f340c8"
    },
    "annotate": {
      "Package": "annotate",
      "Version": "1.64.0",
      "Source": "Bioconductor",
      "Hash": "48b73c5d046919eceb3867df75074b30"
    },
    "askpass": {
      "Package": "askpass",
      "Version": "1.1",
      "Source": "Repository",
      "Repository": "CRAN",
      "Hash": "e8a22846fff485f0be3770c2da758713"
    },
    "assertthat": {
      "Package": "assertthat",
      "Version": "0.2.1",
      "Source": "Repository",
      "Repository": "CRAN",
      "Hash": "50c838a310445e954bc13f26f26a6ecf"
    },
    "backports": {
      "Package": "backports",
      "Version": "1.1.5",
      "Source": "Repository",
      "Repository": "CRAN",
      "Hash": "e9f705633dc932bfd5b02b17a5053a06"
    },
    "base64enc": {
      "Package": "base64enc",
      "Version": "0.1-3",
      "Source": "Repository",
      "Repository": "CRAN",
      "Hash": "543776ae6848fde2f48ff3816d0628bc"
    },
    "batchelor": {
      "Package": "batchelor",
      "Version": "1.3.9",
      "Source": "GitHub",
      "RemoteType": "github",
      "RemoteHost": "api.github.com",
      "RemoteUsername": "LTLA",
      "RemoteRepo": "batchelor",
      "RemoteRef": "master",
      "RemoteSha": "86153dd51b397752a2dc99388cfd23ceea8c4ad5",
      "Hash": "31296903b750fbe003c0440edecfcfa9"
    },
    "beachmat": {
      "Package": "beachmat",
      "Version": "2.2.1",
      "Source": "Bioconductor",
      "Hash": "13b4829abeb942aea40478bf235c4e0b"
    },
    "beeswarm": {
      "Package": "beeswarm",
      "Version": "0.2.3",
      "Source": "Repository",
      "Repository": "CRAN",
      "Hash": "dc538ec663e38888807ef3034489403d"
    },
    "bit": {
      "Package": "bit",
      "Version": "1.1-15.1",
      "Source": "Repository",
      "Repository": "CRAN",
      "Hash": "7f91d57f2c247dd5ac52107727be9f3c"
    },
    "bit64": {
      "Package": "bit64",
      "Version": "0.9-7",
      "Source": "Repository",
      "Repository": "CRAN",
      "Hash": "3338d4a9b1352f5a613e2bdcefe784ea"
    },
    "bitops": {
      "Package": "bitops",
      "Version": "1.0-6",
      "Source": "Repository",
      "Repository": "CRAN",
      "Hash": "0b118d5900596bae6c4d4865374536a6"
    },
    "blob": {
      "Package": "blob",
      "Version": "1.2.1",
      "Source": "Repository",
      "Repository": "CRAN",
      "Hash": "9addc7e2c5954eca5719928131fed98c"
    },
    "boot": {
      "Package": "boot",
      "Version": "1.3-22",
      "Source": "Repository",
      "Repository": "CRAN",
      "Hash": "f2b2e80b975c6248510bed633c2ec382"
    },
    "checkmate": {
      "Package": "checkmate",
      "Version": "1.9.4",
      "Source": "Repository",
      "Repository": "CRAN",
      "Hash": "4704086e092041b648573fe97235f7de"
    },
    "cli": {
      "Package": "cli",
      "Version": "2.0.1",
      "Source": "Repository",
      "Repository": "CRAN",
      "Hash": "5173d8ab28680cf263636b110f4f3220"
    },
    "cluster": {
      "Package": "cluster",
      "Version": "2.1.0",
      "Source": "Repository",
      "Repository": "CRAN",
      "Hash": "db63a44aab5aadcb6bf2f129751d129a"
    },
    "codetools": {
      "Package": "codetools",
      "Version": "0.2-16",
      "Source": "Repository",
      "Repository": "CRAN",
      "Hash": "89cf4b8207269ccf82fbeb6473fd662b"
    },
    "colorspace": {
      "Package": "colorspace",
      "Version": "1.4-1",
      "Source": "Repository",
      "Repository": "CRAN",
      "Hash": "6b436e95723d1f0e861224dd9b094dfb"
    },
    "cowplot": {
      "Package": "cowplot",
      "Version": "1.0.0",
      "Source": "Repository",
      "Repository": "CRAN",
      "Hash": "82bae0172ae9d4c4f88a440ad01f73bb"
    },
    "crayon": {
      "Package": "crayon",
      "Version": "1.3.4",
      "Source": "Repository",
      "Repository": "CRAN",
      "Hash": "0d57bc8e27b7ba9e45dba825ebc0de6b"
    },
    "crosstalk": {
      "Package": "crosstalk",
      "Version": "1.0.0",
      "Source": "Repository",
      "Repository": "CRAN",
      "Hash": "4ac529753d1e529966ef675d7f0c762b"
    },
    "curl": {
      "Package": "curl",
      "Version": "4.3",
      "Source": "Repository",
      "Repository": "CRAN",
      "Hash": "2b7d10581cc730804e9ed178c8374bd6"
    },
    "data.table": {
      "Package": "data.table",
      "Version": "1.12.8",
      "Source": "Repository",
      "Repository": "CRAN",
      "Hash": "cd711af60c47207a776213a368626369"
    },
    "dbplyr": {
      "Package": "dbplyr",
      "Version": "1.4.2",
      "Source": "Repository",
      "Repository": "CRAN",
      "Hash": "022c8630abecb00f22740d021ab89595"
    },
    "digest": {
      "Package": "digest",
      "Version": "0.6.23",
      "Source": "Repository",
      "Repository": "CRAN",
      "Hash": "931fd68809dab4609b4d4b5702206066"
    },
    "doParallel": {
      "Package": "doParallel",
      "Version": "1.0.15",
      "Source": "Repository",
      "Repository": "CRAN",
      "Hash": "1886c5bce3d9c0b4f9d0b113d76f9357"
    },
    "doSNOW": {
      "Package": "doSNOW",
      "Version": "1.0.18",
      "Source": "Repository",
      "Repository": "CRAN",
      "Hash": "e9a2bbaed801170abc3c6c8f1c1377e2"
    },
    "dplyr": {
      "Package": "dplyr",
      "Version": "0.8.3",
      "Source": "Repository",
      "Repository": "CRAN",
      "Hash": "c426258a806b7e69613432b197b9954d"
    },
    "dqrng": {
      "Package": "dqrng",
      "Version": "0.2.1",
      "Source": "Repository",
      "Repository": "CRAN",
      "Hash": "cc0d03e8383d407e9568855f8efbc07d"
    },
    "drugseqr.data": {
      "Package": "drugseqr.data",
      "Version": "0.1.0",
      "Source": "GitHub",
      "RemoteType": "github",
      "RemoteHost": "api.github.com",
      "RemoteUsername": "hms-dbmi",
      "RemoteRepo": "drugseqr.data",
      "RemoteRef": "master",
      "RemoteSha": "db40b4cfb41421301524c0e8d3f36d88b844d3c0",
      "Hash": "e3192324bc5512292d31c0a5efb5091b"
    },
    "dtangle": {
      "Package": "dtangle",
      "Version": "2.0.9",
      "Source": "Repository",
      "Repository": "CRAN",
      "Hash": "fe53d2ea110c7772eb382bf058190d66"
    },
    "edgeR": {
      "Package": "edgeR",
      "Version": "3.28.0",
      "Source": "Bioconductor",
      "Hash": "b3947142fd25b11a6f99d10f973a363b"
    },
    "ellipsis": {
      "Package": "ellipsis",
      "Version": "0.3.0",
      "Source": "Repository",
      "Repository": "CRAN",
      "Hash": "7067d90c1c780bfe80c0d497e3d7b49d"
    },
    "evaluate": {
      "Package": "evaluate",
      "Version": "0.14",
      "Source": "Repository",
      "Repository": "CRAN",
      "Hash": "ec8ca05cffcc70569eaaad8469d2a3a7"
    },
    "fansi": {
      "Package": "fansi",
      "Version": "0.4.1",
      "Source": "Repository",
      "Repository": "CRAN",
      "Hash": "7fce217eaaf8016e72065e85c73027b5"
    },
    "farver": {
      "Package": "farver",
      "Version": "2.0.3",
      "Source": "Repository",
      "Repository": "CRAN",
      "Hash": "dad6793a5a1f73c8e91f1a1e3e834b05"
    },
    "fastmap": {
      "Package": "fastmap",
      "Version": "1.0.1",
      "Source": "Repository",
      "Repository": "CRAN",
      "Hash": "83ab58a0518afe3d17e41da01af13b60"
    },
    "foreach": {
      "Package": "foreach",
      "Version": "1.4.7",
      "Source": "Repository",
      "Repository": "CRAN",
      "Hash": "5c52b519714c1d0fc5efca58f74918fe"
    },
    "foreign": {
      "Package": "foreign",
      "Version": "0.8-71",
      "Source": "Repository",
      "Repository": "CRAN",
      "Hash": "cf285837c1587867535424bb608bc1bf"
    },
    "formatR": {
      "Package": "formatR",
      "Version": "1.7",
      "Source": "Repository",
      "Repository": "CRAN",
      "Hash": "ad36e26eeeb7393886d8a0e19bc6ee42"
    },
    "fs": {
      "Package": "fs",
      "Version": "1.3.1",
      "Source": "Repository",
      "Repository": "CRAN",
      "Hash": "0e26be4558dbbc713d7cfe4a4c361f38"
    },
    "futile.logger": {
      "Package": "futile.logger",
      "Version": "1.4.3",
      "Source": "Repository",
      "Repository": "CRAN",
      "Hash": "99f0ace8c05ec7d3683d27083c4f1e7e"
    },
    "futile.options": {
      "Package": "futile.options",
      "Version": "1.0.1",
      "Source": "Repository",
      "Repository": "CRAN",
      "Hash": "0d9bf02413ddc2bbe8da9ce369dcdd2b"
    },
    "genefilter": {
      "Package": "genefilter",
      "Version": "1.68.0",
      "Source": "Bioconductor",
      "Hash": "34fd072f5e71c40b799501f4956f9f77"
    },
    "geneplotter": {
      "Package": "geneplotter",
      "Version": "1.64.0",
      "Source": "Bioconductor",
      "Hash": "47eb16880df2f531689468c4073aebc4"
    },
    "ggbeeswarm": {
      "Package": "ggbeeswarm",
      "Version": "0.6.0",
      "Source": "Repository",
      "Repository": "CRAN",
      "Hash": "dd68b9b215b2d3119603549a794003c3"
    },
    "ggplot2": {
      "Package": "ggplot2",
      "Version": "3.3.0.9000",
      "Source": "GitHub",
      "RemoteType": "github",
      "RemoteHost": "api.github.com",
      "RemoteUsername": "tidyverse",
      "RemoteRepo": "ggplot2",
      "RemoteRef": "master",
      "RemoteSha": "b8ce6a9c06697e3ed70193d00e3d581b1961979e",
      "Hash": "bc4b014f57ca18cb64abd28c4ed1e7e1"
    },
    "ggpubr": {
      "Package": "ggpubr",
      "Version": "0.2.4",
      "Source": "Repository",
      "Repository": "CRAN",
      "Hash": "1c55ee228d9a2e054374030ae564196c"
    },
    "ggrepel": {
      "Package": "ggrepel",
      "Version": "0.8.1",
      "Source": "Repository",
      "Repository": "CRAN",
      "Hash": "d2d969d2ca127dbb2da60b5a20ee7234"
    },
    "ggridges": {
      "Package": "ggridges",
      "Version": "0.5.2",
      "Source": "Repository",
      "Repository": "CRAN",
      "Hash": "b5c4e55a3856dff3c05595630a40edfc"
    },
    "ggsci": {
      "Package": "ggsci",
      "Version": "2.9",
      "Source": "Repository",
      "Repository": "CRAN",
      "Hash": "81ccb8213ed592598210afd10c3a5936"
    },
    "ggsignif": {
      "Package": "ggsignif",
      "Version": "0.6.0",
      "Source": "Repository",
      "Repository": "CRAN",
      "Hash": "3e9b8a51dfdc95395632b25ce3ce8ebc"
    },
    "glue": {
      "Package": "glue",
      "Version": "1.3.1",
      "Source": "Repository",
      "Repository": "CRAN",
      "Hash": "d4e25697c450c01b202c79ef35694a83"
    },
    "gridExtra": {
      "Package": "gridExtra",
      "Version": "2.3",
      "Source": "Repository",
      "Repository": "CRAN",
      "Hash": "7d7f283939f563670a697165b2cf5560"
    },
    "grr": {
      "Package": "grr",
      "Version": "0.9.5",
      "Source": "Repository",
      "Repository": "CRAN",
      "Hash": "195f3206842ea5ae11968e8d462bb828"
    },
    "gtable": {
      "Package": "gtable",
      "Version": "0.3.0",
      "Source": "Repository",
      "Repository": "CRAN",
      "Hash": "ac5c6baf7822ce8732b343f14c072c4d"
    },
    "harmony": {
      "Package": "harmony",
      "Version": "1.0",
      "Source": "GitHub",
      "RemoteType": "github",
      "RemoteHost": "api.github.com",
      "RemoteUsername": "immunogenomics",
      "RemoteRepo": "harmony",
      "RemoteRef": "master",
      "RemoteSha": "88b1e2a1e95306cd4531eaf89ad98712af05ca99",
      "Hash": "0d84d0d05226dc8c636594f686d6d2b3"
    },
    "hdf5r": {
      "Package": "hdf5r",
      "Version": "1.3.1",
      "Source": "Repository",
      "Repository": "CRAN",
      "Hash": "21b1ad73dc239fc94915774a317a6ea5"
    },
    "hexbin": {
      "Package": "hexbin",
      "Version": "1.28.0",
      "Source": "Repository",
      "Repository": "CRAN",
      "Hash": "c7fbe14bd2b81706ddd9e70d196b56d2"
    },
    "highr": {
      "Package": "highr",
      "Version": "0.8",
      "Source": "Repository",
      "Repository": "CRAN",
      "Hash": "4dc5bb88961e347a0f4d8aad597cbfac"
    },
    "hms": {
      "Package": "hms",
      "Version": "0.5.3",
      "Source": "Repository",
      "Repository": "CRAN",
      "Hash": "726671f634529d470545f9fd1a9d1869"
    },
    "htmlTable": {
      "Package": "htmlTable",
      "Version": "1.13.3",
      "Source": "Repository",
      "Repository": "CRAN",
      "Hash": "90d75b22931af95e2dbb17188e1dfa0c"
    },
    "htmltools": {
      "Package": "htmltools",
      "Version": "0.4.0",
      "Source": "Repository",
      "Repository": "CRAN",
      "Hash": "2d7691222f82f41e93f6d30f169bd5e1"
    },
    "htmlwidgets": {
      "Package": "htmlwidgets",
      "Version": "1.5.1",
      "Source": "Repository",
      "Repository": "CRAN",
      "Hash": "41bace23583fbc25089edae324de2dc3"
    },
    "httpuv": {
      "Package": "httpuv",
      "Version": "1.5.2",
      "Source": "Repository",
      "Repository": "CRAN",
      "Hash": "f793dad2c9ae14fbb1d22f16f23f8326"
    },
    "httr": {
      "Package": "httr",
      "Version": "1.4.1",
      "Source": "Repository",
      "Repository": "CRAN",
      "Hash": "7146fea4685b4252ebf478978c75f597"
    },
    "ica": {
      "Package": "ica",
      "Version": "1.0-2",
      "Source": "Repository",
      "Repository": "CRAN",
      "Hash": "95ba9b882bb834ecbdad37338a11f3f8"
    },
    "igraph": {
      "Package": "igraph",
      "Version": "1.2.4.2",
      "Source": "Repository",
      "Repository": "CRAN",
      "Hash": "fffa635f747cd07ffc56bc13a23701e4"
    },
    "interactiveDisplayBase": {
      "Package": "interactiveDisplayBase",
      "Version": "1.24.0",
      "Source": "Bioconductor",
      "Hash": "96b89e42697cbf6c1669142ebd1ebe0c"
    },
    "irlba": {
      "Package": "irlba",
      "Version": "2.3.3",
      "Source": "Repository",
      "Repository": "CRAN",
      "Hash": "a9ad517358000d57022401ef18ee657a"
    },
    "isoband": {
      "Package": "isoband",
      "Version": "0.2.0",
      "Source": "Repository",
      "Repository": "CRAN",
      "Hash": "15f6d57a664cd953a31ae4ea61e5e60e"
    },
    "iterators": {
      "Package": "iterators",
      "Version": "1.0.12",
      "Source": "Repository",
      "Repository": "CRAN",
      "Hash": "117128f48662573ff4c4e72608b9e202"
    },
    "jpeg": {
      "Package": "jpeg",
      "Version": "0.1-8.1",
      "Source": "Repository",
      "Repository": "CRAN",
      "Hash": "bc316c003aba520fc73d70ad53b5fc36"
    },
    "jsonlite": {
      "Package": "jsonlite",
      "Version": "1.6",
      "Source": "Repository",
      "Repository": "CRAN",
      "Hash": "bc5739654d032acf531356e32e0d0f54"
    },
    "knitr": {
      "Package": "knitr",
      "Version": "1.27",
      "Source": "Repository",
      "Repository": "CRAN",
      "Hash": "0eaaccb0946bf5ee33e2762882a4ae07"
    },
    "labeling": {
      "Package": "labeling",
      "Version": "0.3",
      "Source": "Repository",
      "Repository": "CRAN",
      "Hash": "73832978c1de350df58108c745ed0e3e"
    },
    "lambda.r": {
      "Package": "lambda.r",
      "Version": "1.2.4",
      "Source": "Repository",
      "Repository": "CRAN",
      "Hash": "b1e925c4b9ffeb901bacf812cbe9a6ad"
    },
    "later": {
      "Package": "later",
      "Version": "1.0.0",
      "Source": "Repository",
      "Repository": "CRAN",
      "Hash": "6d927978fc658d24175ce37db635f9e5"
    },
    "lattice": {
      "Package": "lattice",
      "Version": "0.20-38",
      "Source": "Repository",
      "Repository": "CRAN",
      "Hash": "848f8c593fd1050371042d18d152e3d7"
    },
    "latticeExtra": {
      "Package": "latticeExtra",
      "Version": "0.6-29",
      "Source": "Repository",
      "Repository": "CRAN",
      "Hash": "590829599d6182cf7461787af34666ee"
    },
    "lazyeval": {
      "Package": "lazyeval",
      "Version": "0.2.2",
      "Source": "Repository",
      "Repository": "CRAN",
      "Hash": "d908914ae53b04d4c0c0fd72ecc35370"
    },
    "lifecycle": {
      "Package": "lifecycle",
      "Version": "0.1.0",
      "Source": "Repository",
      "Repository": "CRAN",
      "Hash": "dc0e9c03b3635ff433b045ce6bf0612d"
    },
    "liger": {
      "Package": "liger",
      "Version": "0.5.0.9000",
      "Source": "GitHub",
      "RemoteType": "github",
      "RemoteHost": "api.github.com",
      "RemoteUsername": "MacoskoLab",
      "RemoteRepo": "liger",
      "RemoteRef": "master",
      "RemoteSha": "b3acece2d7356a1da07b512bfb99b6d0e73f619c",
      "Hash": "b1eaa2d816ae4e1c4558038f257093cd"
    },
    "limma": {
      "Package": "limma",
      "Version": "3.42.0",
      "Source": "Bioconductor",
      "Hash": "dffa59f481ebef8e77174c9d0b8596d4"
    },
    "locfit": {
      "Package": "locfit",
      "Version": "1.5-9.1",
      "Source": "Repository",
      "Repository": "CRAN",
      "Hash": "b1b5023b4a396be5315e8c15902f4ae8"
    },
    "magrittr": {
      "Package": "magrittr",
      "Version": "1.5",
      "Source": "Repository",
      "Repository": "CRAN",
      "Hash": "1bb58822a20301cee84a41678e25d9b7"
    },
    "markdown": {
      "Package": "markdown",
      "Version": "1.1",
      "Source": "Repository",
      "Repository": "CRAN",
      "Hash": "61e4a10781dd00d7d81dd06ca9b94e95"
    },
    "matrixStats": {
      "Package": "matrixStats",
      "Version": "0.55.0",
      "Source": "Repository",
      "Repository": "CRAN",
      "Hash": "1270d684b417c455fae69ad025153f90"
    },
    "mclust": {
      "Package": "mclust",
      "Version": "5.4.5",
      "Source": "Repository",
      "Repository": "CRAN",
      "Hash": "eb4db14d65da50c105be47de0e46a914"
    },
    "memoise": {
      "Package": "memoise",
      "Version": "1.1.0",
      "Source": "Repository",
      "Repository": "CRAN",
      "Hash": "58baa74e4603fcfb9a94401c58c8f9b1"
    },
    "metaMA": {
      "Package": "metaMA",
      "Version": "3.1.2",
      "Source": "Repository",
      "Repository": "CRAN",
      "Hash": "e89a2c70a6d16737ad47bf32dc707e81"
    },
    "mgcv": {
      "Package": "mgcv",
      "Version": "1.8-28",
      "Source": "Repository",
      "Repository": "CRAN",
      "Hash": "aa301a255aac625db12ee1793bd79265"
    },
    "mime": {
      "Package": "mime",
      "Version": "0.8",
      "Source": "Repository",
      "Repository": "CRAN",
      "Hash": "3d8abfab430c94a15e20eb91f052293f"
    },
    "miniUI": {
      "Package": "miniUI",
      "Version": "0.1.1.1",
      "Source": "Repository",
      "Repository": "CRAN",
      "Hash": "fec5f52652d60615fdb3957b3d74324a"
    },
    "mnormt": {
      "Package": "mnormt",
      "Version": "1.5-6",
      "Source": "Repository",
      "Repository": "CRAN",
      "Hash": "f4c908c3d498f2ed076cb1746dc8b0db"
    },
    "munsell": {
      "Package": "munsell",
      "Version": "0.5.0",
      "Source": "Repository",
      "Repository": "CRAN",
      "Hash": "6dfe8bf774944bd5595785e3229d8771"
    },
    "nlme": {
      "Package": "nlme",
      "Version": "3.1-140",
      "Source": "Repository",
      "Repository": "CRAN",
      "Hash": "79d4c59449e799385e98e222e5f8f950"
    },
    "nnet": {
      "Package": "nnet",
      "Version": "7.3-12",
      "Source": "Repository",
      "Repository": "CRAN",
      "Hash": "68287aec1f476c41d16ce1ace445800c"
    },
    "openssl": {
      "Package": "openssl",
      "Version": "1.4.1",
      "Source": "Repository",
      "Repository": "CRAN",
      "Hash": "49f7258fd86ebeaea1df24d9ded00478"
    },
    "org.Hs.eg.db": {
      "Package": "org.Hs.eg.db",
      "Version": "3.10.0",
      "Source": "Bioconductor",
      "Hash": "5201dd022e5d661d2634c95fee2cea91"
    },
    "org.Mm.eg.db": {
      "Package": "org.Mm.eg.db",
      "Version": "3.10.0",
      "Source": "Bioconductor",
      "Hash": "97c1a688b1dd53dc9469ab3122fa8161"
    },
    "patchwork": {
      "Package": "patchwork",
      "Version": "1.0.0",
      "Source": "Repository",
      "Repository": "CRAN",
      "Hash": "16eee5b5edc41eec5af1149ccdc6b2c9"
    },
    "pillar": {
      "Package": "pillar",
      "Version": "1.4.3",
      "Source": "Repository",
      "Repository": "CRAN",
      "Hash": "fa3ed60396b6998d0427c57dab90fba4"
    },
    "pkgconfig": {
      "Package": "pkgconfig",
      "Version": "2.0.3",
      "Source": "Repository",
      "Repository": "CRAN",
      "Hash": "01f28d4278f15c76cddbea05899c5d6f"
    },
    "plogr": {
      "Package": "plogr",
      "Version": "0.2.0",
      "Source": "Repository",
      "Repository": "CRAN",
      "Hash": "09eb987710984fc2905c7129c7d85e65"
    },
    "plotly": {
      "Package": "plotly",
      "Version": "4.9.1",
      "Source": "Repository",
      "Repository": "CRAN",
      "Hash": "f944fd279ce84daf29b179611bea0345"
    },
    "plyr": {
      "Package": "plyr",
      "Version": "1.8.5",
      "Source": "Repository",
      "Repository": "CRAN",
      "Hash": "3f1b0dbcc503320e6e7aae6c3ff87eaa"
    },
    "png": {
      "Package": "png",
      "Version": "0.1-7",
      "Source": "Repository",
      "Repository": "CRAN",
      "Hash": "03b7076c234cb3331288919983326c55"
    },
    "polynom": {
      "Package": "polynom",
      "Version": "1.4-0",
      "Source": "Repository",
      "Repository": "CRAN",
      "Hash": "c396592ecfe9e75cee1013533efafe34"
    },
    "praise": {
      "Package": "praise",
      "Version": "1.0.0",
      "Source": "Repository",
      "Repository": "CRAN",
      "Hash": "a555924add98c99d2f411e37e7d25e9f"
    },
    "prettyunits": {
      "Package": "prettyunits",
      "Version": "1.1.1",
      "Source": "Repository",
      "Repository": "CRAN",
      "Hash": "95ef9167b75dde9d2ccc3c7528393e7e"
    },
    "progress": {
      "Package": "progress",
      "Version": "1.2.2",
      "Source": "Repository",
      "Repository": "CRAN",
      "Hash": "14dc9f7a3c91ebb14ec5bb9208a07061"
    },
    "promises": {
      "Package": "promises",
      "Version": "1.1.0",
      "Source": "Repository",
      "Repository": "CRAN",
      "Hash": "efbbe62da4709f7040a380c702bc7103"
    },
    "psych": {
      "Package": "psych",
      "Version": "1.9.12.31",
      "Source": "Repository",
      "Repository": "CRAN",
      "Hash": "fb8cedacb2ded44bbfc6c2e028ebecde"
    },
    "purrr": {
      "Package": "purrr",
      "Version": "0.3.3",
      "Source": "Repository",
      "Repository": "CRAN",
      "Hash": "22aca7d1181718e927d403a8c2d69d62"
    },
    "randomcoloR": {
      "Package": "randomcoloR",
      "Version": "1.1.0.1",
      "Source": "Repository",
      "Repository": "CRAN",
      "Hash": "dd08bb0be91b93194fa944b68b3bccb0"
    },
    "rappdirs": {
      "Package": "rappdirs",
      "Version": "0.3.1",
      "Source": "Repository",
      "Repository": "CRAN",
      "Hash": "8c8298583adbbe76f3c2220eef71bebc"
    },
    "rematch": {
      "Package": "rematch",
      "Version": "1.0.1",
      "Source": "Repository",
      "Repository": "CRAN",
      "Hash": "c66b930d20bb6d858cd18e1cebcfae5c"
    },
    "renv": {
      "Package": "renv",
      "Version": "0.9.2-20",
      "Source": "GitHub",
      "RemoteType": "github",
      "RemoteHost": "api.github.com",
      "RemoteUsername": "rstudio",
      "RemoteRepo": "renv",
      "RemoteRef": "0.9.2-20",
      "RemoteSha": "21fa2183fe0c617e99074b6deab4b1505a7412cf",
      "Hash": "26979f0007efcd66d5f7888cd8bae178"
    },
    "reshape2": {
      "Package": "reshape2",
      "Version": "1.4.3",
      "Source": "Repository",
      "Repository": "CRAN",
      "Hash": "15a23ad30f51789188e439599559815c"
    },
    "rhdf5": {
      "Package": "rhdf5",
      "Version": "2.30.1",
      "Source": "Bioconductor",
      "Hash": "413d578e76ee631eaf479d9b98841bf8"
    },
    "riverplot": {
      "Package": "riverplot",
      "Version": "0.6",
      "Source": "Repository",
      "Repository": "CRAN",
      "Hash": "1038af8c8a8199d387d564d7019258ad"
    },
    "rlang": {
      "Package": "rlang",
      "Version": "0.4.3",
      "Source": "Repository",
      "Repository": "CRAN",
      "Hash": "5527892f8ca320dd4d2efb5aa4e3bd89"
    },
    "robustbase": {
      "Package": "robustbase",
      "Version": "0.93-5",
      "Source": "Repository",
      "Repository": "CRAN",
      "Hash": "0a3d03e70d10dd986398fe47efad4dab"
    },
    "rpart": {
      "Package": "rpart",
      "Version": "4.1-15",
      "Source": "Repository",
      "Repository": "CRAN",
      "Hash": "9787c1fcb680e655d062e7611cadf78e"
    },
    "rstudioapi": {
      "Package": "rstudioapi",
      "Version": "0.10",
      "Source": "Repository",
      "Repository": "CRAN",
      "Hash": "da31c988698b91fdf6a3e2317679d6cb"
    },
    "rsvd": {
      "Package": "rsvd",
      "Version": "1.0.2",
      "Source": "Repository",
      "Repository": "CRAN",
      "Hash": "de6771e89c5e90c664816828b6cb68b5"
    },
    "rtracklayer": {
      "Package": "rtracklayer",
      "Version": "1.46.0",
      "Source": "Bioconductor",
      "Hash": "a635995c99bc0e67fd23167f859893af"
    },
    "scales": {
      "Package": "scales",
      "Version": "1.1.0",
      "Source": "Repository",
      "Repository": "CRAN",
      "Hash": "a1c68369c629ea3188d0676e37069c65"
    },
    "scater": {
      "Package": "scater",
      "Version": "1.15.16",
      "Source": "GitHub",
      "RemoteType": "github",
      "RemoteHost": "api.github.com",
      "RemoteUsername": "davismcc",
      "RemoteRepo": "scater",
      "RemoteRef": "master",
      "RemoteSha": "6330405fb68700de96c28f04e3dec7810e4b19d2",
      "Hash": "993803587d9f2a5ee68e2b137981cd53"
    },
    "scran": {
      "Package": "scran",
      "Version": "1.14.5",
      "Source": "Bioconductor",
      "Hash": "c5cad94b8786598e637ef2e46e3c0e6e"
    },
    "shiny": {
      "Package": "shiny",
      "Version": "1.4.0",
      "Source": "Repository",
      "Repository": "CRAN",
      "Hash": "6ca23724bb2c804c1d0b3db4862a39c7"
    },
    "shinyBS": {
      "Package": "shinyBS",
      "Version": "0.61",
      "Source": "Repository",
      "Repository": "CRAN",
      "Hash": "f895dafd39733c4a70d425f605a832e7"
    },
    "shinyFiles": {
      "Package": "shinyFiles",
      "Version": "0.7.5",
      "Source": "Repository",
      "Repository": "CRAN",
      "Hash": "01f3b799de32cc30597e7ad72bf90068"
    },
    "shinyWidgets": {
      "Package": "shinyWidgets",
      "Version": "0.5.0",
      "Source": "Repository",
      "Repository": "CRAN",
      "Hash": "fdf6a1a363579afab3d454887936f8cd"
    },
    "shinyjs": {
      "Package": "shinyjs",
      "Version": "1.1",
      "Source": "Repository",
      "Repository": "CRAN",
      "Hash": "b40a5207b6624f6e2b8cdb50689cdb69"
    },
    "sitmo": {
      "Package": "sitmo",
      "Version": "2.0.1",
      "Source": "Repository",
      "Repository": "CRAN",
      "Hash": "0f9ba299f2385e686745b066c6d7a7c4"
    },
    "snow": {
      "Package": "snow",
      "Version": "0.4-3",
      "Source": "Repository",
      "Repository": "CRAN",
      "Hash": "11b822ad6214111a4188d5e5fd1b144c"
    },
    "sourcetools": {
      "Package": "sourcetools",
      "Version": "0.1.7",
      "Source": "Repository",
      "Repository": "CRAN",
      "Hash": "947e4e02a79effa5d512473e10f41797"
    },
    "statmod": {
      "Package": "statmod",
      "Version": "1.4.33",
      "Source": "Repository",
      "Repository": "CRAN",
      "Hash": "b79d4776796fe88a927c4475a881b218"
    },
    "stringi": {
      "Package": "stringi",
      "Version": "1.4.5",
      "Source": "Repository",
      "Repository": "CRAN",
      "Hash": "ced3b63472796155f74abc4eb5266c78"
    },
    "stringr": {
      "Package": "stringr",
      "Version": "1.4.0",
      "Source": "Repository",
      "Repository": "CRAN",
      "Hash": "0759e6b6c0957edb1311028a49a35e76"
    },
    "survival": {
      "Package": "survival",
      "Version": "2.44-1.1",
      "Source": "Repository",
      "Repository": "CRAN",
      "Hash": "8520357700cef5261e7d33f0a113e3df"
    },
    "sva": {
      "Package": "sva",
      "Version": "3.34.0",
      "Source": "Bioconductor",
      "Hash": "803aadb156ab4fd8eada9a0c36f28350"
    },
    "sys": {
      "Package": "sys",
      "Version": "3.3",
      "Source": "Repository",
      "Repository": "CRAN",
      "Hash": "507f3116a38d37ad330a038b3be07b66"
    },
    "testthat": {
      "Package": "testthat",
      "Version": "2.3.1",
      "Source": "Repository",
      "Repository": "CRAN",
      "Hash": "68dad590f6445cdcdaa5b7eec60e9686"
    },
    "tibble": {
      "Package": "tibble",
      "Version": "2.1.3",
      "Source": "Repository",
      "Repository": "CRAN",
      "Hash": "8248ee35d1e15d1e506f05f5a5d46a75"
    },
    "tidyr": {
      "Package": "tidyr",
      "Version": "1.0.2",
      "Source": "Repository",
      "Repository": "CRAN",
      "Hash": "fb73a010ace00d6c584c2b53a21b969c"
    },
    "tidyselect": {
      "Package": "tidyselect",
      "Version": "1.0.0",
      "Source": "Repository",
      "Repository": "CRAN",
      "Hash": "7d4b0f1ab542d8cb7a40c593a4de2f36"
    },
    "tximport": {
      "Package": "tximport",
      "Version": "1.14.0",
      "Source": "Bioconductor",
      "Hash": "bd1fe3ef822dcf6de6fc250ebbecda9e"
    },
    "utf8": {
      "Package": "utf8",
      "Version": "1.1.4",
      "Source": "Repository",
      "Repository": "CRAN",
      "Hash": "4a5081acfb7b81a572e4384a7aaf2af1"
    },
    "vctrs": {
      "Package": "vctrs",
      "Version": "0.2.2",
      "Source": "Repository",
      "Repository": "CRAN",
      "Hash": "a1de558a76d2843a10f766209b9a545f"
    },
    "vipor": {
      "Package": "vipor",
      "Version": "0.4.5",
      "Source": "Repository",
      "Repository": "CRAN",
      "Hash": "ea85683da7f2bfa63a98dc6416892591"
    },
    "viridis": {
      "Package": "viridis",
      "Version": "0.5.1",
      "Source": "Repository",
      "Repository": "CRAN",
      "Hash": "6f6b49e5b3b5ee5a6d0c28bf1b4b9eb3"
    },
    "viridisLite": {
      "Package": "viridisLite",
      "Version": "0.3.0",
      "Source": "Repository",
      "Repository": "CRAN",
      "Hash": "ce4f6271baa94776db692f1cb2055bee"
    },
    "withr": {
      "Package": "withr",
      "Version": "2.1.2",
      "Source": "Repository",
      "Repository": "CRAN",
      "Hash": "aa57ed55ff2df4bea697a07df528993d"
    },
    "xfun": {
      "Package": "xfun",
      "Version": "0.12",
      "Source": "Repository",
      "Repository": "CRAN",
      "Hash": "ccd8453a7b9e380628f6cd2862e46cad"
    },
    "xtable": {
      "Package": "xtable",
      "Version": "1.8-4",
      "Source": "Repository",
      "Repository": "CRAN",
      "Hash": "b8acdf8af494d9ec19ccb2481a9b11c2"
    },
    "yaml": {
      "Package": "yaml",
      "Version": "2.2.0",
      "Source": "Repository",
      "Repository": "CRAN",
      "Hash": "c78bdf1d16bd4ec7ecc86c6986d53309"
    },
    "zlibbioc": {
      "Package": "zlibbioc",
      "Version": "1.32.0",
      "Source": "Bioconductor",
      "Hash": "f7a31247eadfb45098bcf2e8c4aebb49"
    }
  }
}
